// !$*UTF8*$!
{
	archiveVersion = 1;
	classes = {
	};
	objectVersion = 46;
	objects = {

/* Begin PBXBuildFile section */
		5D6C84E023FA7C5291FCA320 /* MQTTPlusBroker.cpp in Sources */ = {isa = PBXBuildFile; fileRef = E0A0F0087617AF3AE4B40648 /* MQTTPlusBroker.cpp */; };
		A33926BC411A276E18986CFC /* MQTTMessageDecoder.cpp in Sources */ = {isa = PBXBuildFile; fileRef = 3BD846A4FE98A7165BCD84E4 /* MQTTMessageDecoder.cpp */; };
		ADA5EFC891ECF7FA15DA2608 /* WebSocket.cpp in Sources */ = {isa = PBXBuildFile; fileRef = 6304C3F093E8BBE2A700F230 /* WebSocket.cpp */; };
		CCD73384FED07E3678AFB9C4 /* Broker.cpp in Sources */ = {isa = PBXBuildFile; fileRef = AF1106EC059E715EDE17852C /* Broker.cpp */; };
		EC13F3C6AF7FB578EE235A06 /* MQTT.cpp in Sources */ = {isa = PBXBuildFile; fileRef = D90E500ED2745180C60FAE4E /* MQTT.cpp */; };
		F28DC3AE880482E0F6A0D9EE /* Client.cpp in Sources */ = {isa = PBXBuildFile; fileRef = 252A8FD654BC5EC82FC99E16 /* Client.cpp */; };
		F3174AD42C4E6E7700BDFA87 /* uSockets.a in Frameworks */ = {isa = PBXBuildFile; fileRef = F3174AD32C4E6E7700BDFA87 /* uSockets.a */; };
/* End PBXBuildFile section */

/* Begin PBXCopyFilesBuildPhase section */
		0C2C25340CDF222680C0F374 /* Embed Libraries */ = {
			isa = PBXCopyFilesBuildPhase;
			buildActionMask = 2147483647;
			dstPath = "";
			dstSubfolderSpec = 10;
			files = (
			);
			name = "Embed Libraries";
			runOnlyForDeploymentPostprocessing = 0;
		};
/* End PBXCopyFilesBuildPhase section */

/* Begin PBXFileReference section */
		252A8FD654BC5EC82FC99E16 /* Client.cpp */ = {isa = PBXFileReference; lastKnownFileType = sourcecode.cpp.cpp; name = Client.cpp; path = src/Client/Client.cpp; sourceTree = "<group>"; };
		27E6258012D24B725AB813C0 /* Client.h */ = {isa = PBXFileReference; lastKnownFileType = sourcecode.c.h; name = Client.h; path = src/Client/Client.h; sourceTree = "<group>"; };
		30E3508952AEFDBB8F6426C9 /* Buffer.h */ = {isa = PBXFileReference; lastKnownFileType = sourcecode.c.h; name = Buffer.h; path = src/Core/Buffer/Buffer.h; sourceTree = "<group>"; };
		35D8FA8EFC66F2006A6918CE /* MQTTMessageDecoder.h */ = {isa = PBXFileReference; lastKnownFileType = sourcecode.c.h; name = MQTTMessageDecoder.h; path = src/Core/MQTTMessageDecoder.h; sourceTree = "<group>"; };
		3BD846A4FE98A7165BCD84E4 /* MQTTMessageDecoder.cpp */ = {isa = PBXFileReference; lastKnownFileType = sourcecode.cpp.cpp; name = MQTTMessageDecoder.cpp; path = src/Core/MQTTMessageDecoder.cpp; sourceTree = "<group>"; };
		3BD9F958353FFACA28DB5798 /* MQTTPlusBroker */ = {isa = PBXFileReference; explicitFileType = "compiled.mach-o.executable"; includeInIndex = 0; path = MQTTPlusBroker; sourceTree = BUILT_PRODUCTS_DIR; };
		4C810DF930C8162BB4B54439 /* CachedBuffer.h */ = {isa = PBXFileReference; lastKnownFileType = sourcecode.c.h; name = CachedBuffer.h; path = src/Core/Buffer/CachedBuffer.h; sourceTree = "<group>"; };
		50A010564A0611C83DA16E96 /* Broker.h */ = {isa = PBXFileReference; lastKnownFileType = sourcecode.c.h; name = Broker.h; path = src/Core/Broker.h; sourceTree = "<group>"; };
		6304C3F093E8BBE2A700F230 /* WebSocket.cpp */ = {isa = PBXFileReference; lastKnownFileType = sourcecode.cpp.cpp; name = WebSocket.cpp; path = src/Core/WebSocket.cpp; sourceTree = "<group>"; };
		800C55D2CD6F4C04438E4C12 /* MQTTPlusBroker.h */ = {isa = PBXFileReference; lastKnownFileType = sourcecode.c.h; name = MQTTPlusBroker.h; path = src/MQTTPlusBroker.h; sourceTree = "<group>"; };
		9FFEE65EF7645950A972749E /* MQTTPlusException.h */ = {isa = PBXFileReference; lastKnownFileType = sourcecode.c.h; name = MQTTPlusException.h; path = src/Core/MQTTPlusException.h; sourceTree = "<group>"; };
		AF1106EC059E715EDE17852C /* Broker.cpp */ = {isa = PBXFileReference; lastKnownFileType = sourcecode.cpp.cpp; name = Broker.cpp; path = src/Core/Broker.cpp; sourceTree = "<group>"; };
		BC4BB7782DD6CFEADCD7F5B8 /* MQTT.h */ = {isa = PBXFileReference; lastKnownFileType = sourcecode.c.h; name = MQTT.h; path = src/Core/MQTT.h; sourceTree = "<group>"; };
		CB32F1BAFAC4C0ACD5D1FFFA /* WebSocket.h */ = {isa = PBXFileReference; lastKnownFileType = sourcecode.c.h; name = WebSocket.h; path = src/Core/WebSocket.h; sourceTree = "<group>"; };
		D1E60F66008C635859CDBDA6 /* Ref.h */ = {isa = PBXFileReference; lastKnownFileType = sourcecode.c.h; name = Ref.h; path = src/Core/Ref.h; sourceTree = "<group>"; };
		D90E500ED2745180C60FAE4E /* MQTT.cpp */ = {isa = PBXFileReference; lastKnownFileType = sourcecode.cpp.cpp; name = MQTT.cpp; path = src/Core/MQTT.cpp; sourceTree = "<group>"; };
		E0A0F0087617AF3AE4B40648 /* MQTTPlusBroker.cpp */ = {isa = PBXFileReference; lastKnownFileType = sourcecode.cpp.cpp; name = MQTTPlusBroker.cpp; path = src/MQTTPlusBroker.cpp; sourceTree = "<group>"; };
		F1DB5F80B49BBFF211D09DC0 /* BrokerCreateSettings.h */ = {isa = PBXFileReference; lastKnownFileType = sourcecode.c.h; name = BrokerCreateSettings.h; path = src/Core/BrokerCreateSettings.h; sourceTree = "<group>"; };
		F3174AD32C4E6E7700BDFA87 /* uSockets.a */ = {isa = PBXFileReference; lastKnownFileType = archive.ar; name = uSockets.a; path = vendor/uSockets/uSockets.a; sourceTree = "<group>"; };
/* End PBXFileReference section */

/* Begin PBXFrameworksBuildPhase section */
		9D1502C80EA01B3ABDA14108 /* Frameworks */ = {
			isa = PBXFrameworksBuildPhase;
			buildActionMask = 2147483647;
			files = (
				F3174AD42C4E6E7700BDFA87 /* uSockets.a in Frameworks */,
			);
			runOnlyForDeploymentPostprocessing = 0;
		};
/* End PBXFrameworksBuildPhase section */

/* Begin PBXGroup section */
		47E94B2F97FCDFE11A7B116F /* MQTTPlusBroker */ = {
			isa = PBXGroup;
			children = (
				7DB1C88620FD51B83BCE1EC6 /* Client */,
				4C600ADAF8C2CB0CB74B411A /* Core */,
				E0A0F0087617AF3AE4B40648 /* MQTTPlusBroker.cpp */,
				800C55D2CD6F4C04438E4C12 /* MQTTPlusBroker.h */,
				A6C936B49B3FADE6EA134CF4 /* Products */,
				F3174AD22C4E6E7700BDFA87 /* Frameworks */,
			);
			name = MQTTPlusBroker;
			sourceTree = "<group>";
		};
		4C600ADAF8C2CB0CB74B411A /* Core */ = {
			isa = PBXGroup;
			children = (
				AF1106EC059E715EDE17852C /* Broker.cpp */,
				50A010564A0611C83DA16E96 /* Broker.h */,
				F1DB5F80B49BBFF211D09DC0 /* BrokerCreateSettings.h */,
				B38E7D34251995A6D41ABB74 /* Buffer */,
				D90E500ED2745180C60FAE4E /* MQTT.cpp */,
				BC4BB7782DD6CFEADCD7F5B8 /* MQTT.h */,
				3BD846A4FE98A7165BCD84E4 /* MQTTMessageDecoder.cpp */,
				35D8FA8EFC66F2006A6918CE /* MQTTMessageDecoder.h */,
				9FFEE65EF7645950A972749E /* MQTTPlusException.h */,
				D1E60F66008C635859CDBDA6 /* Ref.h */,
				6304C3F093E8BBE2A700F230 /* WebSocket.cpp */,
				CB32F1BAFAC4C0ACD5D1FFFA /* WebSocket.h */,
			);
			name = Core;
			sourceTree = "<group>";
		};
		7DB1C88620FD51B83BCE1EC6 /* Client */ = {
			isa = PBXGroup;
			children = (
				252A8FD654BC5EC82FC99E16 /* Client.cpp */,
				27E6258012D24B725AB813C0 /* Client.h */,
			);
			name = Client;
			sourceTree = "<group>";
		};
		A6C936B49B3FADE6EA134CF4 /* Products */ = {
			isa = PBXGroup;
			children = (
				3BD9F958353FFACA28DB5798 /* MQTTPlusBroker */,
			);
			name = Products;
			sourceTree = "<group>";
		};
		B38E7D34251995A6D41ABB74 /* Buffer */ = {
			isa = PBXGroup;
			children = (
				30E3508952AEFDBB8F6426C9 /* Buffer.h */,
				4C810DF930C8162BB4B54439 /* CachedBuffer.h */,
			);
			name = Buffer;
			sourceTree = "<group>";
		};
		F3174AD22C4E6E7700BDFA87 /* Frameworks */ = {
			isa = PBXGroup;
			children = (
				F3174AD32C4E6E7700BDFA87 /* uSockets.a */,
			);
			name = Frameworks;
			sourceTree = "<group>";
		};
/* End PBXGroup section */

/* Begin PBXNativeTarget section */
		BE1C063ED52EA170C54A9C7E /* MQTTPlusBroker */ = {
			isa = PBXNativeTarget;
			buildConfigurationList = 8B504B27FCDB6399ABDC8967 /* Build configuration list for PBXNativeTarget "MQTTPlusBroker" */;
			buildPhases = (
				0CFC83687E879BDA2D88C1A8 /* Resources */,
				76A99CBFE834B5319735DAFF /* Sources */,
				9D1502C80EA01B3ABDA14108 /* Frameworks */,
				0C2C25340CDF222680C0F374 /* Embed Libraries */,
			);
			buildRules = (
			);
			dependencies = (
			);
			name = MQTTPlusBroker;
			productInstallPath = "$(HOME)/bin";
			productName = MQTTPlusBroker;
			productReference = 3BD9F958353FFACA28DB5798 /* MQTTPlusBroker */;
			productType = "com.apple.product-type.tool";
		};
/* End PBXNativeTarget section */

/* Begin PBXProject section */
		08FB7793FE84155DC02AAC07 /* Project object */ = {
			isa = PBXProject;
			attributes = {
			};
			buildConfigurationList = 1DEB928908733DD80010E9CD /* Build configuration list for PBXProject "MQTTPlusBroker" */;
			compatibilityVersion = "Xcode 3.2";
			developmentRegion = en;
			hasScannedForEncodings = 1;
			knownRegions = (
				en,
				Base,
			);
			mainGroup = 47E94B2F97FCDFE11A7B116F /* MQTTPlusBroker */;
			projectDirPath = "";
			projectRoot = "";
			targets = (
				BE1C063ED52EA170C54A9C7E /* MQTTPlusBroker */,
			);
		};
/* End PBXProject section */

/* Begin PBXResourcesBuildPhase section */
		0CFC83687E879BDA2D88C1A8 /* Resources */ = {
			isa = PBXResourcesBuildPhase;
			buildActionMask = 2147483647;
			files = (
			);
			runOnlyForDeploymentPostprocessing = 0;
		};
/* End PBXResourcesBuildPhase section */

/* Begin PBXSourcesBuildPhase section */
		76A99CBFE834B5319735DAFF /* Sources */ = {
			isa = PBXSourcesBuildPhase;
			buildActionMask = 2147483647;
			files = (
				F28DC3AE880482E0F6A0D9EE /* Client.cpp in Sources */,
				CCD73384FED07E3678AFB9C4 /* Broker.cpp in Sources */,
				EC13F3C6AF7FB578EE235A06 /* MQTT.cpp in Sources */,
				A33926BC411A276E18986CFC /* MQTTMessageDecoder.cpp in Sources */,
				ADA5EFC891ECF7FA15DA2608 /* WebSocket.cpp in Sources */,
				5D6C84E023FA7C5291FCA320 /* MQTTPlusBroker.cpp in Sources */,
			);
			runOnlyForDeploymentPostprocessing = 0;
		};
/* End PBXSourcesBuildPhase section */

/* Begin XCBuildConfiguration section */
		15F63A580F5C3BCA02F79898 /* Release */ = {
			isa = XCBuildConfiguration;
			buildSettings = {
				ALWAYS_SEARCH_USER_PATHS = YES;
				ARCHS = "$(NATIVE_ARCH_ACTUAL)";
				CLANG_CXX_LANGUAGE_STANDARD = "c++2a";
				CLANG_ENABLE_OBJC_WEAK = YES;
				CONFIGURATION_BUILD_DIR = "$(SYMROOT)";
				CONFIGURATION_TEMP_DIR = "$(OBJROOT)";
				DEAD_CODE_STRIPPING = YES;
				GCC_OPTIMIZATION_LEVEL = 3;
				GCC_PREPROCESSOR_DEFINITIONS = (
					MQP_MACOS,
					MQP_DEBUG,
				);
				GCC_SYMBOLS_PRIVATE_EXTERN = NO;
				GCC_WARN_ABOUT_RETURN_TYPE = YES;
				GCC_WARN_UNUSED_VARIABLE = YES;
				MACOSX_DEPLOYMENT_TARGET = 14.0;
				OBJROOT = "../bin-int/Release-macosx-universal/MQTTPlusBroker";
				ONLY_ACTIVE_ARCH = YES;
				PRODUCT_BUNDLE_IDENTIFIER = com.mqttplus;
				SYMROOT = "../bin/Release-macosx-universal/MQTTPlusBroker";
				USER_HEADER_SEARCH_PATHS = "src vendor/uSockets/src vendor/gsl/include";
			};
			name = Release;
		};
		3A57526D9598A5DF68F2F0AD /* Debug */ = {
			isa = XCBuildConfiguration;
			buildSettings = {
				ALWAYS_SEARCH_USER_PATHS = YES;
				CLANG_ENABLE_OBJC_WEAK = YES;
				CONFIGURATION_BUILD_DIR = "../bin/Debug-macosx-universal/MQTTPlusBroker";
				DEAD_CODE_STRIPPING = YES;
				DEBUG_INFORMATION_FORMAT = "dwarf-with-dsym";
				GCC_DYNAMIC_NO_PIC = NO;
				INSTALL_PATH = /usr/local/bin;
				LIBRARY_SEARCH_PATHS = (
					"$(inherited)",
					"$(PROJECT_DIR)/vendor/uSockets",
				);
				MACOSX_DEPLOYMENT_TARGET = 14.0;
				ONLY_ACTIVE_ARCH = YES;
				PRODUCT_BUNDLE_IDENTIFIER = com.mqttplus;
				PRODUCT_NAME = MQTTPlusBroker;
			};
			name = Debug;
		};
		3ECB1A1A6096C74C9D4BF05A /* Dist */ = {
			isa = XCBuildConfiguration;
			buildSettings = {
				ALWAYS_SEARCH_USER_PATHS = YES;
				CLANG_ENABLE_OBJC_WEAK = YES;
				CONFIGURATION_BUILD_DIR = "../bin/Dist-macosx-universal/MQTTPlusBroker";
				DEAD_CODE_STRIPPING = YES;
				DEBUG_INFORMATION_FORMAT = "dwarf-with-dsym";
				GCC_DYNAMIC_NO_PIC = NO;
				INSTALL_PATH = /usr/local/bin;
				LIBRARY_SEARCH_PATHS = (
					"$(inherited)",
					"$(PROJECT_DIR)/vendor/uSockets",
				);
				MACOSX_DEPLOYMENT_TARGET = 14.0;
				ONLY_ACTIVE_ARCH = YES;
				PRODUCT_BUNDLE_IDENTIFIER = com.mqttplus;
				PRODUCT_NAME = MQTTPlusBroker;
			};
			name = Dist;
		};
		61889C0B0476C2BD939CA24B /* Dist */ = {
			isa = XCBuildConfiguration;
			buildSettings = {
				ALWAYS_SEARCH_USER_PATHS = YES;
				ARCHS = "$(NATIVE_ARCH_ACTUAL)";
				CLANG_CXX_LANGUAGE_STANDARD = "c++2a";
				CLANG_ENABLE_OBJC_WEAK = YES;
				CONFIGURATION_BUILD_DIR = "$(SYMROOT)";
				CONFIGURATION_TEMP_DIR = "$(OBJROOT)";
				DEAD_CODE_STRIPPING = YES;
				GCC_OPTIMIZATION_LEVEL = 3;
				GCC_PREPROCESSOR_DEFINITIONS = (
					MQP_MACOS,
					MQP_DIST,
				);
				GCC_SYMBOLS_PRIVATE_EXTERN = NO;
				GCC_WARN_ABOUT_RETURN_TYPE = YES;
				GCC_WARN_UNUSED_VARIABLE = YES;
				MACOSX_DEPLOYMENT_TARGET = 14.0;
				OBJROOT = "../bin-int/Dist-macosx-universal/MQTTPlusBroker";
				ONLY_ACTIVE_ARCH = YES;
				PRODUCT_BUNDLE_IDENTIFIER = com.mqttplus;
				SYMROOT = "../bin/Dist-macosx-universal/MQTTPlusBroker";
				USER_HEADER_SEARCH_PATHS = "src vendor/uSockets/src vendor/gsl/include";
			};
			name = Dist;
		};
		7438BCA7A51CB499B834EAE7 /* Release */ = {
			isa = XCBuildConfiguration;
			buildSettings = {
				ALWAYS_SEARCH_USER_PATHS = YES;
				CLANG_ENABLE_OBJC_WEAK = YES;
				CONFIGURATION_BUILD_DIR = "../bin/Release-macosx-universal/MQTTPlusBroker";
				DEAD_CODE_STRIPPING = YES;
				DEBUG_INFORMATION_FORMAT = "dwarf-with-dsym";
				GCC_DYNAMIC_NO_PIC = NO;
				INSTALL_PATH = /usr/local/bin;
				LIBRARY_SEARCH_PATHS = (
					"$(inherited)",
					"$(PROJECT_DIR)/vendor/uSockets",
				);
				MACOSX_DEPLOYMENT_TARGET = 14.0;
				ONLY_ACTIVE_ARCH = YES;
				PRODUCT_BUNDLE_IDENTIFIER = com.mqttplus;
				PRODUCT_NAME = MQTTPlusBroker;
			};
			name = Release;
		};
		CB9BC09ECC4EBD9040308EDE /* Debug */ = {
			isa = XCBuildConfiguration;
			buildSettings = {
				ALWAYS_SEARCH_USER_PATHS = YES;
				ARCHS = "$(NATIVE_ARCH_ACTUAL)";
				CLANG_CXX_LANGUAGE_STANDARD = "c++2a";
				CLANG_ENABLE_OBJC_WEAK = YES;
				CONFIGURATION_BUILD_DIR = "$(SYMROOT)";
				CONFIGURATION_TEMP_DIR = "$(OBJROOT)";
				COPY_PHASE_STRIP = NO;
				DEAD_CODE_STRIPPING = YES;
				GCC_ENABLE_FIX_AND_CONTINUE = YES;
				GCC_OPTIMIZATION_LEVEL = 0;
				GCC_PREPROCESSOR_DEFINITIONS = (
					MQP_MACOS,
					MQP_DEBUG,
				);
				GCC_SYMBOLS_PRIVATE_EXTERN = NO;
				GCC_WARN_ABOUT_RETURN_TYPE = YES;
				GCC_WARN_UNUSED_VARIABLE = YES;
				MACOSX_DEPLOYMENT_TARGET = 14.0;
				OBJROOT = "../bin-int/Debug-macosx-universal/MQTTPlusBroker";
				ONLY_ACTIVE_ARCH = YES;
				PRODUCT_BUNDLE_IDENTIFIER = com.mqttplus;
				SYMROOT = "../bin/Debug-macosx-universal/MQTTPlusBroker";
				USER_HEADER_SEARCH_PATHS = "src vendor/uSockets/src vendor/gsl/include";
			};
			name = Debug;
		};
/* End XCBuildConfiguration section */

/* Begin XCConfigurationList section */
		1DEB928908733DD80010E9CD /* Build configuration list for PBXProject "MQTTPlusBroker" */ = {
			isa = XCConfigurationList;
			buildConfigurations = (
				CB9BC09ECC4EBD9040308EDE /* Debug */,
				15F63A580F5C3BCA02F79898 /* Release */,
				61889C0B0476C2BD939CA24B /* Dist */,
			);
			defaultConfigurationIsVisible = 0;
			defaultConfigurationName = Debug;
		};
		8B504B27FCDB6399ABDC8967 /* Build configuration list for PBXNativeTarget "MQTTPlusBroker" */ = {
			isa = XCConfigurationList;
			buildConfigurations = (
				3A57526D9598A5DF68F2F0AD /* Debug */,
				7438BCA7A51CB499B834EAE7 /* Release */,
				3ECB1A1A6096C74C9D4BF05A /* Dist */,
			);
			defaultConfigurationIsVisible = 0;
			defaultConfigurationName = Debug;
		};
/* End XCConfigurationList section */
	};
	rootObject = 08FB7793FE84155DC02AAC07 /* Project object */;
}
